
Microsoft Visual Studio Solution File, Format Version 12.00
# Visual Studio Version 17
VisualStudioVersion = 17.11.35327.3
MinimumVisualStudioVersion = 10.0.40219.1
Project("{FAE04EC0-301F-11D3-BF4B-00C04F79EFBC}") = "demo", "demo.csproj", "{B80DDE19-F9DE-429B-B452-C9F51A0AE4B6}"
EndProject
Global
	GlobalSection(SolutionConfigurationPlatforms) = preSolution
		Debug|Any CPU = Debug|Any CPU
		Release|Any CPU = Release|Any CPU
	EndGlobalSection
	GlobalSection(ProjectConfigurationPlatforms) = postSolution
		{B80DDE19-F9DE-429B-B452-C9F51A0AE4B6}.Debug|Any CPU.ActiveCfg = Debug|Any CPU
		{B80DDE19-F9DE-429B-B452-C9F51A0AE4B6}.Debug|Any CPU.Build.0 = Debug|Any CPU
		{B80DDE19-F9DE-429B-B452-C9F51A0AE4B6}.Release|Any CPU.ActiveCfg = Release|Any CPU
		{B80DDE19-F9DE-429B-B452-C9F51A0AE4B6}.Release|Any CPU.Build.0 = Release|Any CPU
	EndGlobalSection
	GlobalSection(SolutionProperties) = preSolution
		HideSolutionNode = FALSE
	EndGlobalSection
	GlobalSection(ExtensibilityGlobals) = postSolution
		SolutionGuid = {F94AAF94-BB50-4681-817F-57E30D59883F}
	EndGlobalSection
EndGlobal
